// !$*UTF8*$!
{
	archiveVersion = 1;
	classes = {
	};
	objectVersion = 50;
	objects = {

/* Begin PBXBuildFile section */
		D020D5B325A6C4230011D9FE /* AppDelegate.swift in Sources */ = {isa = PBXBuildFile; fileRef = D020D5B225A6C4230011D9FE /* AppDelegate.swift */; };
		D020D5B525A6C4230011D9FE /* SceneDelegate.swift in Sources */ = {isa = PBXBuildFile; fileRef = D020D5B425A6C4230011D9FE /* SceneDelegate.swift */; };
		D020D5B725A6C4230011D9FE /* ViewController.swift in Sources */ = {isa = PBXBuildFile; fileRef = D020D5B625A6C4230011D9FE /* ViewController.swift */; };
		D020D5BA25A6C4230011D9FE /* Main.storyboard in Resources */ = {isa = PBXBuildFile; fileRef = D020D5B825A6C4230011D9FE /* Main.storyboard */; };
		D020D5BC25A6C42B0011D9FE /* Assets.xcassets in Resources */ = {isa = PBXBuildFile; fileRef = D020D5BB25A6C42B0011D9FE /* Assets.xcassets */; };
		D020D5BF25A6C42B0011D9FE /* LaunchScreen.storyboard in Resources */ = {isa = PBXBuildFile; fileRef = D020D5BD25A6C42B0011D9FE /* LaunchScreen.storyboard */; };
		D020D5CA25A6C42B0011D9FE /* KataBowlingTests.swift in Sources */ = {isa = PBXBuildFile; fileRef = D020D5C925A6C42B0011D9FE /* KataBowlingTests.swift */; };
		D020D5D525A6C42B0011D9FE /* KataBowlingUITests.swift in Sources */ = {isa = PBXBuildFile; fileRef = D020D5D425A6C42B0011D9FE /* KataBowlingUITests.swift */; };
		D020D5E625A6C4EF0011D9FE /* GameTests.swift in Sources */ = {isa = PBXBuildFile; fileRef = D020D5E525A6C4EF0011D9FE /* GameTests.swift */; };
		D0689C3D25A89C030027376E /* BowlingGameProtocol.swift in Sources */ = {isa = PBXBuildFile; fileRef = D0689C3C25A89C020027376E /* BowlingGameProtocol.swift */; };
		D0689C4225A89FE30027376E /* Game.swift in Sources */ = {isa = PBXBuildFile; fileRef = D0689C4125A89FE30027376E /* Game.swift */; };
		D0D6F41D25AACA4F00A453EB /* DummyBowlingGameProtocol.swift in Sources */ = {isa = PBXBuildFile; fileRef = D0D6F41C25AACA4F00A453EB /* DummyBowlingGameProtocol.swift */; };
		D0D895AF25AA02220097D649 /* GameProtocolTests.swift in Sources */ = {isa = PBXBuildFile; fileRef = D0D895AE25AA02220097D649 /* GameProtocolTests.swift */; };
/* End PBXBuildFile section */

/* Begin PBXContainerItemProxy section */
		D020D5C625A6C42B0011D9FE /* PBXContainerItemProxy */ = {
			isa = PBXContainerItemProxy;
			containerPortal = D020D5A725A6C4220011D9FE /* Project object */;
			proxyType = 1;
			remoteGlobalIDString = D020D5AE25A6C4220011D9FE;
			remoteInfo = KataBowling;
		};
		D020D5D125A6C42B0011D9FE /* PBXContainerItemProxy */ = {
			isa = PBXContainerItemProxy;
			containerPortal = D020D5A725A6C4220011D9FE /* Project object */;
			proxyType = 1;
			remoteGlobalIDString = D020D5AE25A6C4220011D9FE;
			remoteInfo = KataBowling;
		};
/* End PBXContainerItemProxy section */

/* Begin PBXFileReference section */
		D020D5AF25A6C4220011D9FE /* KataBowling.app */ = {isa = PBXFileReference; explicitFileType = wrapper.application; includeInIndex = 0; path = KataBowling.app; sourceTree = BUILT_PRODUCTS_DIR; };
		D020D5B225A6C4230011D9FE /* AppDelegate.swift */ = {isa = PBXFileReference; lastKnownFileType = sourcecode.swift; path = AppDelegate.swift; sourceTree = "<group>"; };
		D020D5B425A6C4230011D9FE /* SceneDelegate.swift */ = {isa = PBXFileReference; lastKnownFileType = sourcecode.swift; path = SceneDelegate.swift; sourceTree = "<group>"; };
		D020D5B625A6C4230011D9FE /* ViewController.swift */ = {isa = PBXFileReference; lastKnownFileType = sourcecode.swift; path = ViewController.swift; sourceTree = "<group>"; };
		D020D5B925A6C4230011D9FE /* Base */ = {isa = PBXFileReference; lastKnownFileType = file.storyboard; name = Base; path = Base.lproj/Main.storyboard; sourceTree = "<group>"; };
		D020D5BB25A6C42B0011D9FE /* Assets.xcassets */ = {isa = PBXFileReference; lastKnownFileType = folder.assetcatalog; path = Assets.xcassets; sourceTree = "<group>"; };
		D020D5BE25A6C42B0011D9FE /* Base */ = {isa = PBXFileReference; lastKnownFileType = file.storyboard; name = Base; path = Base.lproj/LaunchScreen.storyboard; sourceTree = "<group>"; };
		D020D5C025A6C42B0011D9FE /* Info.plist */ = {isa = PBXFileReference; lastKnownFileType = text.plist.xml; path = Info.plist; sourceTree = "<group>"; };
		D020D5C525A6C42B0011D9FE /* KataBowlingTests.xctest */ = {isa = PBXFileReference; explicitFileType = wrapper.cfbundle; includeInIndex = 0; path = KataBowlingTests.xctest; sourceTree = BUILT_PRODUCTS_DIR; };
		D020D5C925A6C42B0011D9FE /* KataBowlingTests.swift */ = {isa = PBXFileReference; lastKnownFileType = sourcecode.swift; path = KataBowlingTests.swift; sourceTree = "<group>"; };
		D020D5CB25A6C42B0011D9FE /* Info.plist */ = {isa = PBXFileReference; lastKnownFileType = text.plist.xml; path = Info.plist; sourceTree = "<group>"; };
		D020D5D025A6C42B0011D9FE /* KataBowlingUITests.xctest */ = {isa = PBXFileReference; explicitFileType = wrapper.cfbundle; includeInIndex = 0; path = KataBowlingUITests.xctest; sourceTree = BUILT_PRODUCTS_DIR; };
		D020D5D425A6C42B0011D9FE /* KataBowlingUITests.swift */ = {isa = PBXFileReference; lastKnownFileType = sourcecode.swift; path = KataBowlingUITests.swift; sourceTree = "<group>"; };
		D020D5D625A6C42B0011D9FE /* Info.plist */ = {isa = PBXFileReference; lastKnownFileType = text.plist.xml; path = Info.plist; sourceTree = "<group>"; };
		D020D5E525A6C4EF0011D9FE /* GameTests.swift */ = {isa = PBXFileReference; lastKnownFileType = sourcecode.swift; path = GameTests.swift; sourceTree = "<group>"; };
		D0689C3C25A89C020027376E /* BowlingGameProtocol.swift */ = {isa = PBXFileReference; lastKnownFileType = sourcecode.swift; path = BowlingGameProtocol.swift; sourceTree = "<group>"; };
		D0689C4125A89FE30027376E /* Game.swift */ = {isa = PBXFileReference; lastKnownFileType = sourcecode.swift; path = Game.swift; sourceTree = "<group>"; };
		D0D6F41C25AACA4F00A453EB /* DummyBowlingGameProtocol.swift */ = {isa = PBXFileReference; fileEncoding = 4; lastKnownFileType = sourcecode.swift; path = DummyBowlingGameProtocol.swift; sourceTree = "<group>"; };
		D0D895AE25AA02220097D649 /* GameProtocolTests.swift */ = {isa = PBXFileReference; lastKnownFileType = sourcecode.swift; path = GameProtocolTests.swift; sourceTree = "<group>"; };
/* End PBXFileReference section */

/* Begin PBXFrameworksBuildPhase section */
		D020D5AC25A6C4220011D9FE /* Frameworks */ = {
			isa = PBXFrameworksBuildPhase;
			buildActionMask = 2147483647;
			files = (
			);
			runOnlyForDeploymentPostprocessing = 0;
		};
		D020D5C225A6C42B0011D9FE /* Frameworks */ = {
			isa = PBXFrameworksBuildPhase;
			buildActionMask = 2147483647;
			files = (
			);
			runOnlyForDeploymentPostprocessing = 0;
		};
		D020D5CD25A6C42B0011D9FE /* Frameworks */ = {
			isa = PBXFrameworksBuildPhase;
			buildActionMask = 2147483647;
			files = (
			);
			runOnlyForDeploymentPostprocessing = 0;
		};
/* End PBXFrameworksBuildPhase section */

/* Begin PBXGroup section */
		D020D5A625A6C4220011D9FE = {
			isa = PBXGroup;
			children = (
				D020D5B125A6C4220011D9FE /* KataBowling */,
				D020D5C825A6C42B0011D9FE /* KataBowlingTests */,
				D020D5D325A6C42B0011D9FE /* KataBowlingUITests */,
				D020D5B025A6C4220011D9FE /* Products */,
			);
			sourceTree = "<group>";
		};
		D020D5B025A6C4220011D9FE /* Products */ = {
			isa = PBXGroup;
			children = (
				D020D5AF25A6C4220011D9FE /* KataBowling.app */,
				D020D5C525A6C42B0011D9FE /* KataBowlingTests.xctest */,
				D020D5D025A6C42B0011D9FE /* KataBowlingUITests.xctest */,
			);
			name = Products;
			sourceTree = "<group>";
		};
		D020D5B125A6C4220011D9FE /* KataBowling */ = {
			isa = PBXGroup;
			children = (
				D020D5B225A6C4230011D9FE /* AppDelegate.swift */,
				D020D5B425A6C4230011D9FE /* SceneDelegate.swift */,
				D020D5B625A6C4230011D9FE /* ViewController.swift */,
				D0689C3C25A89C020027376E /* BowlingGameProtocol.swift */,
				D0689C4125A89FE30027376E /* Game.swift */,
				D020D5B825A6C4230011D9FE /* Main.storyboard */,
				D020D5BB25A6C42B0011D9FE /* Assets.xcassets */,
				D020D5BD25A6C42B0011D9FE /* LaunchScreen.storyboard */,
				D020D5C025A6C42B0011D9FE /* Info.plist */,
			);
			path = KataBowling;
			sourceTree = "<group>";
		};
		D020D5C825A6C42B0011D9FE /* KataBowlingTests */ = {
			isa = PBXGroup;
			children = (
				D0D6F41C25AACA4F00A453EB /* DummyBowlingGameProtocol.swift */,
				D020D5E525A6C4EF0011D9FE /* GameTests.swift */,
				D020D5C925A6C42B0011D9FE /* KataBowlingTests.swift */,
				D020D5CB25A6C42B0011D9FE /* Info.plist */,
				D0D895AE25AA02220097D649 /* GameProtocolTests.swift */,
			);
			path = KataBowlingTests;
			sourceTree = "<group>";
		};
		D020D5D325A6C42B0011D9FE /* KataBowlingUITests */ = {
			isa = PBXGroup;
			children = (
				D020D5D425A6C42B0011D9FE /* KataBowlingUITests.swift */,
				D020D5D625A6C42B0011D9FE /* Info.plist */,
			);
			path = KataBowlingUITests;
			sourceTree = "<group>";
		};
/* End PBXGroup section */

/* Begin PBXNativeTarget section */
		D020D5AE25A6C4220011D9FE /* KataBowling */ = {
			isa = PBXNativeTarget;
			buildConfigurationList = D020D5D925A6C42B0011D9FE /* Build configuration list for PBXNativeTarget "KataBowling" */;
			buildPhases = (
				D020D5AB25A6C4220011D9FE /* Sources */,
				D020D5AC25A6C4220011D9FE /* Frameworks */,
				D020D5AD25A6C4220011D9FE /* Resources */,
			);
			buildRules = (
			);
			dependencies = (
			);
			name = KataBowling;
			productName = KataBowling;
			productReference = D020D5AF25A6C4220011D9FE /* KataBowling.app */;
			productType = "com.apple.product-type.application";
		};
		D020D5C425A6C42B0011D9FE /* KataBowlingTests */ = {
			isa = PBXNativeTarget;
			buildConfigurationList = D020D5DC25A6C42B0011D9FE /* Build configuration list for PBXNativeTarget "KataBowlingTests" */;
			buildPhases = (
				D020D5C125A6C42B0011D9FE /* Sources */,
				D020D5C225A6C42B0011D9FE /* Frameworks */,
				D020D5C325A6C42B0011D9FE /* Resources */,
			);
			buildRules = (
			);
			dependencies = (
				D020D5C725A6C42B0011D9FE /* PBXTargetDependency */,
			);
			name = KataBowlingTests;
			productName = KataBowlingTests;
			productReference = D020D5C525A6C42B0011D9FE /* KataBowlingTests.xctest */;
			productType = "com.apple.product-type.bundle.unit-test";
		};
		D020D5CF25A6C42B0011D9FE /* KataBowlingUITests */ = {
			isa = PBXNativeTarget;
			buildConfigurationList = D020D5DF25A6C42B0011D9FE /* Build configuration list for PBXNativeTarget "KataBowlingUITests" */;
			buildPhases = (
				D020D5CC25A6C42B0011D9FE /* Sources */,
				D020D5CD25A6C42B0011D9FE /* Frameworks */,
				D020D5CE25A6C42B0011D9FE /* Resources */,
			);
			buildRules = (
			);
			dependencies = (
				D020D5D225A6C42B0011D9FE /* PBXTargetDependency */,
			);
			name = KataBowlingUITests;
			productName = KataBowlingUITests;
			productReference = D020D5D025A6C42B0011D9FE /* KataBowlingUITests.xctest */;
			productType = "com.apple.product-type.bundle.ui-testing";
		};
/* End PBXNativeTarget section */

/* Begin PBXProject section */
		D020D5A725A6C4220011D9FE /* Project object */ = {
			isa = PBXProject;
			attributes = {
				LastSwiftUpdateCheck = 1230;
				LastUpgradeCheck = 1230;
				TargetAttributes = {
					D020D5AE25A6C4220011D9FE = {
						CreatedOnToolsVersion = 12.3;
					};
					D020D5C425A6C42B0011D9FE = {
						CreatedOnToolsVersion = 12.3;
						TestTargetID = D020D5AE25A6C4220011D9FE;
					};
					D020D5CF25A6C42B0011D9FE = {
						CreatedOnToolsVersion = 12.3;
						TestTargetID = D020D5AE25A6C4220011D9FE;
					};
				};
			};
			buildConfigurationList = D020D5AA25A6C4220011D9FE /* Build configuration list for PBXProject "KataBowling" */;
			compatibilityVersion = "Xcode 9.3";
			developmentRegion = en;
			hasScannedForEncodings = 0;
			knownRegions = (
				en,
				Base,
			);
			mainGroup = D020D5A625A6C4220011D9FE;
			productRefGroup = D020D5B025A6C4220011D9FE /* Products */;
			projectDirPath = "";
			projectRoot = "";
			targets = (
				D020D5AE25A6C4220011D9FE /* KataBowling */,
				D020D5C425A6C42B0011D9FE /* KataBowlingTests */,
				D020D5CF25A6C42B0011D9FE /* KataBowlingUITests */,
			);
		};
/* End PBXProject section */

/* Begin PBXResourcesBuildPhase section */
		D020D5AD25A6C4220011D9FE /* Resources */ = {
			isa = PBXResourcesBuildPhase;
			buildActionMask = 2147483647;
			files = (
				D020D5BF25A6C42B0011D9FE /* LaunchScreen.storyboard in Resources */,
				D020D5BC25A6C42B0011D9FE /* Assets.xcassets in Resources */,
				D020D5BA25A6C4230011D9FE /* Main.storyboard in Resources */,
			);
			runOnlyForDeploymentPostprocessing = 0;
		};
		D020D5C325A6C42B0011D9FE /* Resources */ = {
			isa = PBXResourcesBuildPhase;
			buildActionMask = 2147483647;
			files = (
			);
			runOnlyForDeploymentPostprocessing = 0;
		};
		D020D5CE25A6C42B0011D9FE /* Resources */ = {
			isa = PBXResourcesBuildPhase;
			buildActionMask = 2147483647;
			files = (
			);
			runOnlyForDeploymentPostprocessing = 0;
		};
/* End PBXResourcesBuildPhase section */

/* Begin PBXSourcesBuildPhase section */
		D020D5AB25A6C4220011D9FE /* Sources */ = {
			isa = PBXSourcesBuildPhase;
			buildActionMask = 2147483647;
			files = (
				D020D5B725A6C4230011D9FE /* ViewController.swift in Sources */,
				D0689C4225A89FE30027376E /* Game.swift in Sources */,
				D020D5B325A6C4230011D9FE /* AppDelegate.swift in Sources */,
				D0689C3D25A89C030027376E /* BowlingGameProtocol.swift in Sources */,
				D020D5B525A6C4230011D9FE /* SceneDelegate.swift in Sources */,
			);
			runOnlyForDeploymentPostprocessing = 0;
		};
		D020D5C125A6C42B0011D9FE /* Sources */ = {
			isa = PBXSourcesBuildPhase;
			buildActionMask = 2147483647;
			files = (
				D020D5CA25A6C42B0011D9FE /* KataBowlingTests.swift in Sources */,
				D020D5E625A6C4EF0011D9FE /* GameTests.swift in Sources */,
				D0D895AF25AA02220097D649 /* GameProtocolTests.swift in Sources */,
				D0D6F41D25AACA4F00A453EB /* DummyBowlingGameProtocol.swift in Sources */,
			);
			runOnlyForDeploymentPostprocessing = 0;
		};
		D020D5CC25A6C42B0011D9FE /* Sources */ = {
			isa = PBXSourcesBuildPhase;
			buildActionMask = 2147483647;
			files = (
				D020D5D525A6C42B0011D9FE /* KataBowlingUITests.swift in Sources */,
			);
			runOnlyForDeploymentPostprocessing = 0;
		};
/* End PBXSourcesBuildPhase section */

/* Begin PBXTargetDependency section */
		D020D5C725A6C42B0011D9FE /* PBXTargetDependency */ = {
			isa = PBXTargetDependency;
			target = D020D5AE25A6C4220011D9FE /* KataBowling */;
			targetProxy = D020D5C625A6C42B0011D9FE /* PBXContainerItemProxy */;
		};
		D020D5D225A6C42B0011D9FE /* PBXTargetDependency */ = {
			isa = PBXTargetDependency;
			target = D020D5AE25A6C4220011D9FE /* KataBowling */;
			targetProxy = D020D5D125A6C42B0011D9FE /* PBXContainerItemProxy */;
		};
/* End PBXTargetDependency section */

/* Begin PBXVariantGroup section */
		D020D5B825A6C4230011D9FE /* Main.storyboard */ = {
			isa = PBXVariantGroup;
			children = (
				D020D5B925A6C4230011D9FE /* Base */,
			);
			name = Main.storyboard;
			sourceTree = "<group>";
		};
		D020D5BD25A6C42B0011D9FE /* LaunchScreen.storyboard */ = {
			isa = PBXVariantGroup;
			children = (
				D020D5BE25A6C42B0011D9FE /* Base */,
			);
			name = LaunchScreen.storyboard;
			sourceTree = "<group>";
		};
/* End PBXVariantGroup section */

/* Begin XCBuildConfiguration section */
		D020D5D725A6C42B0011D9FE /* Debug */ = {
			isa = XCBuildConfiguration;
			buildSettings = {
				ALWAYS_SEARCH_USER_PATHS = NO;
				CLANG_ANALYZER_NONNULL = YES;
				CLANG_ANALYZER_NUMBER_OBJECT_CONVERSION = YES_AGGRESSIVE;
				CLANG_CXX_LANGUAGE_STANDARD = "gnu++14";
				CLANG_CXX_LIBRARY = "libc++";
				CLANG_ENABLE_MODULES = YES;
				CLANG_ENABLE_OBJC_ARC = YES;
				CLANG_ENABLE_OBJC_WEAK = YES;
				CLANG_WARN_BLOCK_CAPTURE_AUTORELEASING = YES;
				CLANG_WARN_BOOL_CONVERSION = YES;
				CLANG_WARN_COMMA = YES;
				CLANG_WARN_CONSTANT_CONVERSION = YES;
				CLANG_WARN_DEPRECATED_OBJC_IMPLEMENTATIONS = YES;
				CLANG_WARN_DIRECT_OBJC_ISA_USAGE = YES_ERROR;
				CLANG_WARN_DOCUMENTATION_COMMENTS = YES;
				CLANG_WARN_EMPTY_BODY = YES;
				CLANG_WARN_ENUM_CONVERSION = YES;
				CLANG_WARN_INFINITE_RECURSION = YES;
				CLANG_WARN_INT_CONVERSION = YES;
				CLANG_WARN_NON_LITERAL_NULL_CONVERSION = YES;
				CLANG_WARN_OBJC_IMPLICIT_RETAIN_SELF = YES;
				CLANG_WARN_OBJC_LITERAL_CONVERSION = YES;
				CLANG_WARN_OBJC_ROOT_CLASS = YES_ERROR;
				CLANG_WARN_QUOTED_INCLUDE_IN_FRAMEWORK_HEADER = YES;
				CLANG_WARN_RANGE_LOOP_ANALYSIS = YES;
				CLANG_WARN_STRICT_PROTOTYPES = YES;
				CLANG_WARN_SUSPICIOUS_MOVE = YES;
				CLANG_WARN_UNGUARDED_AVAILABILITY = YES_AGGRESSIVE;
				CLANG_WARN_UNREACHABLE_CODE = YES;
				CLANG_WARN__DUPLICATE_METHOD_MATCH = YES;
				COPY_PHASE_STRIP = NO;
				DEBUG_INFORMATION_FORMAT = dwarf;
				ENABLE_STRICT_OBJC_MSGSEND = YES;
				ENABLE_TESTABILITY = YES;
				GCC_C_LANGUAGE_STANDARD = gnu11;
				GCC_DYNAMIC_NO_PIC = NO;
				GCC_NO_COMMON_BLOCKS = YES;
				GCC_OPTIMIZATION_LEVEL = 0;
				GCC_PREPROCESSOR_DEFINITIONS = (
					"DEBUG=1",
					"$(inherited)",
				);
				GCC_WARN_64_TO_32_BIT_CONVERSION = YES;
				GCC_WARN_ABOUT_RETURN_TYPE = YES_ERROR;
				GCC_WARN_UNDECLARED_SELECTOR = YES;
				GCC_WARN_UNINITIALIZED_AUTOS = YES_AGGRESSIVE;
				GCC_WARN_UNUSED_FUNCTION = YES;
				GCC_WARN_UNUSED_VARIABLE = YES;
				IPHONEOS_DEPLOYMENT_TARGET = 14.3;
				MTL_ENABLE_DEBUG_INFO = INCLUDE_SOURCE;
				MTL_FAST_MATH = YES;
				ONLY_ACTIVE_ARCH = YES;
				SDKROOT = iphoneos;
				SWIFT_ACTIVE_COMPILATION_CONDITIONS = DEBUG;
				SWIFT_OPTIMIZATION_LEVEL = "-Onone";
			};
			name = Debug;
		};
		D020D5D825A6C42B0011D9FE /* Release */ = {
			isa = XCBuildConfiguration;
			buildSettings = {
				ALWAYS_SEARCH_USER_PATHS = NO;
				CLANG_ANALYZER_NONNULL = YES;
				CLANG_ANALYZER_NUMBER_OBJECT_CONVERSION = YES_AGGRESSIVE;
				CLANG_CXX_LANGUAGE_STANDARD = "gnu++14";
				CLANG_CXX_LIBRARY = "libc++";
				CLANG_ENABLE_MODULES = YES;
				CLANG_ENABLE_OBJC_ARC = YES;
				CLANG_ENABLE_OBJC_WEAK = YES;
				CLANG_WARN_BLOCK_CAPTURE_AUTORELEASING = YES;
				CLANG_WARN_BOOL_CONVERSION = YES;
				CLANG_WARN_COMMA = YES;
				CLANG_WARN_CONSTANT_CONVERSION = YES;
				CLANG_WARN_DEPRECATED_OBJC_IMPLEMENTATIONS = YES;
				CLANG_WARN_DIRECT_OBJC_ISA_USAGE = YES_ERROR;
				CLANG_WARN_DOCUMENTATION_COMMENTS = YES;
				CLANG_WARN_EMPTY_BODY = YES;
				CLANG_WARN_ENUM_CONVERSION = YES;
				CLANG_WARN_INFINITE_RECURSION = YES;
				CLANG_WARN_INT_CONVERSION = YES;
				CLANG_WARN_NON_LITERAL_NULL_CONVERSION = YES;
				CLANG_WARN_OBJC_IMPLICIT_RETAIN_SELF = YES;
				CLANG_WARN_OBJC_LITERAL_CONVERSION = YES;
				CLANG_WARN_OBJC_ROOT_CLASS = YES_ERROR;
				CLANG_WARN_QUOTED_INCLUDE_IN_FRAMEWORK_HEADER = YES;
				CLANG_WARN_RANGE_LOOP_ANALYSIS = YES;
				CLANG_WARN_STRICT_PROTOTYPES = YES;
				CLANG_WARN_SUSPICIOUS_MOVE = YES;
				CLANG_WARN_UNGUARDED_AVAILABILITY = YES_AGGRESSIVE;
				CLANG_WARN_UNREACHABLE_CODE = YES;
				CLANG_WARN__DUPLICATE_METHOD_MATCH = YES;
				COPY_PHASE_STRIP = NO;
				DEBUG_INFORMATION_FORMAT = "dwarf-with-dsym";
				ENABLE_NS_ASSERTIONS = NO;
				ENABLE_STRICT_OBJC_MSGSEND = YES;
				GCC_C_LANGUAGE_STANDARD = gnu11;
				GCC_NO_COMMON_BLOCKS = YES;
				GCC_WARN_64_TO_32_BIT_CONVERSION = YES;
				GCC_WARN_ABOUT_RETURN_TYPE = YES_ERROR;
				GCC_WARN_UNDECLARED_SELECTOR = YES;
				GCC_WARN_UNINITIALIZED_AUTOS = YES_AGGRESSIVE;
				GCC_WARN_UNUSED_FUNCTION = YES;
				GCC_WARN_UNUSED_VARIABLE = YES;
				IPHONEOS_DEPLOYMENT_TARGET = 14.3;
				MTL_ENABLE_DEBUG_INFO = NO;
				MTL_FAST_MATH = YES;
				SDKROOT = iphoneos;
				SWIFT_COMPILATION_MODE = wholemodule;
				SWIFT_OPTIMIZATION_LEVEL = "-O";
				VALIDATE_PRODUCT = YES;
			};
			name = Release;
		};
		D020D5DA25A6C42B0011D9FE /* Debug */ = {
			isa = XCBuildConfiguration;
			buildSettings = {
				ASSETCATALOG_COMPILER_APPICON_NAME = AppIcon;
				ASSETCATALOG_COMPILER_GLOBAL_ACCENT_COLOR_NAME = AccentColor;
				CODE_SIGN_STYLE = Automatic;
				DEFINES_MODULE = YES;
				INFOPLIST_FILE = KataBowling/Info.plist;
				LD_RUNPATH_SEARCH_PATHS = (
					"$(inherited)",
					"@executable_path/Frameworks",
				);
				PRODUCT_BUNDLE_IDENTIFIER = com.anantha.KataBowling;
				PRODUCT_NAME = "$(TARGET_NAME)";
				SWIFT_VERSION = 5.0;
				TARGETED_DEVICE_FAMILY = "1,2";
			};
			name = Debug;
		};
		D020D5DB25A6C42B0011D9FE /* Release */ = {
			isa = XCBuildConfiguration;
			buildSettings = {
				ASSETCATALOG_COMPILER_APPICON_NAME = AppIcon;
				ASSETCATALOG_COMPILER_GLOBAL_ACCENT_COLOR_NAME = AccentColor;
				CODE_SIGN_STYLE = Automatic;
				DEFINES_MODULE = YES;
				INFOPLIST_FILE = KataBowling/Info.plist;
				LD_RUNPATH_SEARCH_PATHS = (
					"$(inherited)",
					"@executable_path/Frameworks",
				);
				PRODUCT_BUNDLE_IDENTIFIER = com.anantha.KataBowling;
				PRODUCT_NAME = "$(TARGET_NAME)";
				SWIFT_VERSION = 5.0;
				TARGETED_DEVICE_FAMILY = "1,2";
			};
			name = Release;
		};
		D020D5DD25A6C42B0011D9FE /* Debug */ = {
			isa = XCBuildConfiguration;
			buildSettings = {
				ALWAYS_EMBED_SWIFT_STANDARD_LIBRARIES = YES;
				BUNDLE_LOADER = "$(TEST_HOST)";
				CODE_SIGN_STYLE = Automatic;
				INFOPLIST_FILE = KataBowlingTests/Info.plist;
				IPHONEOS_DEPLOYMENT_TARGET = 14.3;
				LD_RUNPATH_SEARCH_PATHS = (
					"$(inherited)",
					"@executable_path/Frameworks",
					"@loader_path/Frameworks",
				);
				PRODUCT_BUNDLE_IDENTIFIER = com.anantha.KataBowlingTests;
				PRODUCT_NAME = "$(TARGET_NAME)";
				SWIFT_VERSION = 5.0;
				TARGETED_DEVICE_FAMILY = "1,2";
				TEST_HOST = "$(BUILT_PRODUCTS_DIR)/KataBowling.app/KataBowling";
			};
			name = Debug;
		};
		D020D5DE25A6C42B0011D9FE /* Release */ = {
			isa = XCBuildConfiguration;
			buildSettings = {
				ALWAYS_EMBED_SWIFT_STANDARD_LIBRARIES = YES;
				BUNDLE_LOADER = "$(TEST_HOST)";
				CODE_SIGN_STYLE = Automatic;
				INFOPLIST_FILE = KataBowlingTests/Info.plist;
				IPHONEOS_DEPLOYMENT_TARGET = 14.3;
				LD_RUNPATH_SEARCH_PATHS = (
					"$(inherited)",
					"@executable_path/Frameworks",
					"@loader_path/Frameworks",
				);
				PRODUCT_BUNDLE_IDENTIFIER = com.anantha.KataBowlingTests;
				PRODUCT_NAME = "$(TARGET_NAME)";
				SWIFT_VERSION = 5.0;
				TARGETED_DEVICE_FAMILY = "1,2";
				TEST_HOST = "$(BUILT_PRODUCTS_DIR)/KataBowling.app/KataBowling";
			};
			name = Release;
		};
		D020D5E025A6C42B0011D9FE /* Debug */ = {
			isa = XCBuildConfiguration;
			buildSettings = {
				ALWAYS_EMBED_SWIFT_STANDARD_LIBRARIES = YES;
				CODE_SIGN_STYLE = Automatic;
				INFOPLIST_FILE = KataBowlingUITests/Info.plist;
				LD_RUNPATH_SEARCH_PATHS = (
					"$(inherited)",
					"@executable_path/Frameworks",
					"@loader_path/Frameworks",
				);
				PRODUCT_BUNDLE_IDENTIFIER = com.anantha.KataBowlingUITests;
				PRODUCT_NAME = "$(TARGET_NAME)";
				SWIFT_VERSION = 5.0;
				TARGETED_DEVICE_FAMILY = "1,2";
				TEST_TARGET_NAME = KataBowling;
			};
			name = Debug;
		};
		D020D5E125A6C42B0011D9FE /* Release */ = {
			isa = XCBuildConfiguration;
			buildSettings = {
				ALWAYS_EMBED_SWIFT_STANDARD_LIBRARIES = YES;
				CODE_SIGN_STYLE = Automatic;
				INFOPLIST_FILE = KataBowlingUITests/Info.plist;
				LD_RUNPATH_SEARCH_PATHS = (
					"$(inherited)",
					"@executable_path/Frameworks",
					"@loader_path/Frameworks",
				);
				PRODUCT_BUNDLE_IDENTIFIER = com.anantha.KataBowlingUITests;
				PRODUCT_NAME = "$(TARGET_NAME)";
				SWIFT_VERSION = 5.0;
				TARGETED_DEVICE_FAMILY = "1,2";
				TEST_TARGET_NAME = KataBowling;
			};
			name = Release;
		};
/* End XCBuildConfiguration section */

/* Begin XCConfigurationList section */
		D020D5AA25A6C4220011D9FE /* Build configuration list for PBXProject "KataBowling" */ = {
			isa = XCConfigurationList;
			buildConfigurations = (
				D020D5D725A6C42B0011D9FE /* Debug */,
				D020D5D825A6C42B0011D9FE /* Release */,
			);
			defaultConfigurationIsVisible = 0;
			defaultConfigurationName = Release;
		};
		D020D5D925A6C42B0011D9FE /* Build configuration list for PBXNativeTarget "KataBowling" */ = {
			isa = XCConfigurationList;
			buildConfigurations = (
				D020D5DA25A6C42B0011D9FE /* Debug */,
				D020D5DB25A6C42B0011D9FE /* Release */,
			);
			defaultConfigurationIsVisible = 0;
			defaultConfigurationName = Release;
		};
		D020D5DC25A6C42B0011D9FE /* Build configuration list for PBXNativeTarget "KataBowlingTests" */ = {
			isa = XCConfigurationList;
			buildConfigurations = (
				D020D5DD25A6C42B0011D9FE /* Debug */,
				D020D5DE25A6C42B0011D9FE /* Release */,
			);
			defaultConfigurationIsVisible = 0;
			defaultConfigurationName = Release;
		};
		D020D5DF25A6C42B0011D9FE /* Build configuration list for PBXNativeTarget "KataBowlingUITests" */ = {
			isa = XCConfigurationList;
			buildConfigurations = (
				D020D5E025A6C42B0011D9FE /* Debug */,
				D020D5E125A6C42B0011D9FE /* Release */,
			);
			defaultConfigurationIsVisible = 0;
			defaultConfigurationName = Release;
		};
/* End XCConfigurationList section */
	};
	rootObject = D020D5A725A6C4220011D9FE /* Project object */;
}
